version = 1
revision = 3
requires-python = ">=3.14"

[[package]]
name = "bleak"
version = "3.0.1"
source = { registry = "https://pypi.org/simple" }
dependencies = [
    { name = "dbus-fast", marker = "sys_platform == 'linux'" },
    { name = "pyobjc-core", marker = "sys_platform == 'darwin'" },
    { name = "pyobjc-framework-corebluetooth", marker = "sys_platform == 'darwin'" },
    { name = "pyobjc-framework-libdispatch", marker = "sys_platform == 'darwin'" },
    { name = "winrt-runtime", marker = "sys_platform == 'win32'" },
    { name = "winrt-windows-devices-bluetooth", marker = "sys_platform == 'win32'" },
    { name = "winrt-windows-devices-bluetooth-advertisement", marker = "sys_platform == 'win32'" },
    { name = "winrt-windows-devices-bluetooth-genericattributeprofile", marker = "sys_platform == 'win32'" },
    { name = "winrt-windows-devices-enumeration", marker = "sys_platform == 'win32'" },
    { name = "winrt-windows-devices-radios", marker = "sys_platform == 'win32'" },
    { name = "winrt-windows-foundation", marker = "sys_platform == 'win32'" },
    { name = "winrt-windows-foundation-collections", marker = "sys_platform == 'win32'" },
    { name = "winrt-windows-storage-streams", marker = "sys_platform == 'win32'" },
]
sdist = { url = "https://files.pythonhosted.org/packages/87/9f/dd19d92309e4a37823210827f0f42460e69603254309b99499622b511294/bleak-3.0.1.tar.gz", hash = "sha256:c8ff077519f8c30a972fd0d22f47a54b981184b2f2a0886d02e55acadbc1045d", size = 124162, upload-time = "2026-03-25T15:43:01.769Z" }
wheels = [
    { url = "https://files.pythonhosted.org/packages/d2/9c/839e4ff0393070396c656fa6616d0d2512f60b571c1263183e709db1c365/bleak-3.0.1-py3-none-any.whl", hash = "sha256:49f93f24ce96610529842da2d9856e7f46597e25966c0f1cfc737f0191566de6", size = 144735, upload-time = "2026-03-25T15:43:00.285Z" },
]

[[package]]
name = "dbus-fast"
version = "4.0.4"
source = { registry = "https://pypi.org/simple" }
sdist = { url = "https://files.pythonhosted.org/packages/5f/cd/402b0e524bdf37d8b1d22b1d926c538bf1d2eedf115ea1d401c6c08a7d81/dbus_fast-4.0.4.tar.gz", hash = "sha256:43137f0b73a7adbf7d5c0e9eb9d8d34df9e6e0aeafade2166e641c52dfe0a853", size = 75260, upload-time = "2026-04-02T04:41:16.47Z" }
wheels = [
    { url = "https://files.pythonhosted.org/packages/e0/ec/22c8904c1f3ecaee2012dfb1eb05d0481bedfaea80f27eab66d120f80b37/dbus_fast-4.0.4-cp314-cp314-manylinux2014_aarch64.manylinux_2_17_aarch64.manylinux_2_28_aarch64.whl", hash = "sha256:0c3a8c07d672b1656a9c7cbdc9a85f493602f72fce8e7f9d97c5e972fa22a684", size = 804433, upload-time = "2026-04-02T04:50:20.747Z" },
    { url = "https://files.pythonhosted.org/packages/1d/e9/4b3eabb25886f33218b96c7a0e2cd684a50932e00d951aae0181075d5217/dbus_fast-4.0.4-cp314-cp314-manylinux2014_x86_64.manylinux_2_17_x86_64.manylinux_2_28_x86_64.whl", hash = "sha256:5512b9901ba600f1efdae2555ea18da2b67a46e5c24e397edb38ecbbde4aa43f", size = 846351, upload-time = "2026-04-02T04:50:22.9Z" },
    { url = "https://files.pythonhosted.org/packages/4b/bc/a8330670389de2b69e7fb43b20ad08f0c3614f7d4a3a6cc9cbfcf72555fb/dbus_fast-4.0.4-cp314-cp314-manylinux_2_41_x86_64.whl", hash = "sha256:36f86ba826f05c4d238c9198ae962f90a9cd27ffacd3a4a988166b3d06c699ca", size = 844513, upload-time = "2026-04-02T04:41:15.087Z" },
    { url = "https://files.pythonhosted.org/packages/ea/54/11a6f5cd13e67d30056651a6324b620f621a6980c1fc872fed3d1acdd1a0/dbus_fast-4.0.4-cp314-cp314-musllinux_1_2_aarch64.whl", hash = "sha256:df0f88a9c1c9f9365627fbfb3dcae3589a12fdc82594945832cb24d9a62674d1", size = 811253, upload-time = "2026-04-02T04:50:24.615Z" },
    { url = "https://files.pythonhosted.org/packages/f2/bd/30c204bdd0a779cf46f3a4faad5cb62c9bd42a22ebcb89caffecf488493d/dbus_fast-4.0.4-cp314-cp314-musllinux_1_2_x86_64.whl", hash = "sha256:4c6c8722e829b8e750fd6db2906b298d3bcfc32d8cdf766e50ba474ef48bf2af", size = 853231, upload-time = "2026-04-02T04:50:26.239Z" },
    { url = "https://files.pythonhosted.org/packages/74/73/af9794109638e38d59ea1ecbf18c4dea25f802debffc285504a6ebc81b2c/dbus_fast-4.0.4-cp314-cp314t-manylinux2014_aarch64.manylinux_2_17_aarch64.manylinux_2_28_aarch64.whl", hash = "sha256:ad5240c29ec631f9610e03a6bbf4f4c22274e04ea8791e8401542cd6cdbd7b28", size = 1534429, upload-time = "2026-04-02T04:50:29.998Z" },
    { url = "https://files.pythonhosted.org/packages/82/3d/a033cc655a3a32ee145f575cd05066cf5bed71e24238947d77fb9597c905/dbus_fast-4.0.4-cp314-cp314t-manylinux2014_x86_64.manylinux_2_17_x86_64.manylinux_2_28_x86_64.whl", hash = "sha256:5843c3e543ac1d48cafff67394ada9e568f20d122b44408e378ae43402b785ca", size = 1610602, upload-time = "2026-04-02T04:50:32.146Z" },
    { url = "https://files.pythonhosted.org/packages/4a/46/2834b825da3f6ef206f5bc55363bc8751addcfc03fa34c639f72006f6a3e/dbus_fast-4.0.4-cp314-cp314t-musllinux_1_2_aarch64.whl", hash = "sha256:7ebb845f2e15ef19f4a99cb879dfbcb1c7028a97d5aaba93b36f65cfd938a022", size = 1550136, upload-time = "2026-04-02T04:50:34.311Z" },
    { url = "https://files.pythonhosted.org/packages/9e/01/894b2f6954d12c5c527232906d67272b59f0f12f386cd2d394d5e5eac7fc/dbus_fast-4.0.4-cp314-cp314t-musllinux_1_2_x86_64.whl", hash = "sha256:698fe83128150dd49aaa7deb5493523309f0a9749c3c075730a6981851607455", size = 1627660, upload-time = "2026-04-02T04:50:36.5Z" },
]

[[package]]
name = "pillow"
version = "12.2.0"
source = { registry = "https://pypi.org/simple" }
sdist = { url = "https://files.pythonhosted.org/packages/8c/21/c2bcdd5906101a30244eaffc1b6e6ce71a31bd0742a01eb89e660ebfac2d/pillow-12.2.0.tar.gz", hash = "sha256:a830b1a40919539d07806aa58e1b114df53ddd43213d9c8b75847eee6c0182b5", size = 46987819, upload-time = "2026-04-01T14:46:17.687Z" }
wheels = [
    { url = "https://files.pythonhosted.org/packages/bf/98/4595daa2365416a86cb0d495248a393dfc84e96d62ad080c8546256cb9c0/pillow-12.2.0-cp314-cp314-ios_13_0_arm64_iphoneos.whl", hash = "sha256:3adc9215e8be0448ed6e814966ecf3d9952f0ea40eb14e89a102b87f450660d8", size = 4100848, upload-time = "2026-04-01T14:44:48.48Z" },
    { url = "https://files.pythonhosted.org/packages/0b/79/40184d464cf89f6663e18dfcf7ca21aae2491fff1a16127681bf1fa9b8cf/pillow-12.2.0-cp314-cp314-ios_13_0_arm64_iphonesimulator.whl", hash = "sha256:6a9adfc6d24b10f89588096364cc726174118c62130c817c2837c60cf08a392b", size = 4176515, upload-time = "2026-04-01T14:44:51.353Z" },
    { url = "https://files.pythonhosted.org/packages/b0/63/703f86fd4c422a9cf722833670f4f71418fb116b2853ff7da722ea43f184/pillow-12.2.0-cp314-cp314-ios_13_0_x86_64_iphonesimulator.whl", hash = "sha256:6a6e67ea2e6feda684ed370f9a1c52e7a243631c025ba42149a2cc5934dec295", size = 3640159, upload-time = "2026-04-01T14:44:53.588Z" },
    { url = "https://files.pythonhosted.org/packages/71/e0/fb22f797187d0be2270f83500aab851536101b254bfa1eae10795709d283/pillow-12.2.0-cp314-cp314-macosx_10_15_x86_64.whl", hash = "sha256:2bb4a8d594eacdfc59d9e5ad972aa8afdd48d584ffd5f13a937a664c3e7db0ed", size = 5312185, upload-time = "2026-04-01T14:44:56.039Z" },
    { url = "https://files.pythonhosted.org/packages/ba/8c/1a9e46228571de18f8e28f16fabdfc20212a5d019f3e3303452b3f0a580d/pillow-12.2.0-cp314-cp314-macosx_11_0_arm64.whl", hash = "sha256:80b2da48193b2f33ed0c32c38140f9d3186583ce7d516526d462645fd98660ae", size = 4695386, upload-time = "2026-04-01T14:44:58.663Z" },
    { url = "https://files.pythonhosted.org/packages/70/62/98f6b7f0c88b9addd0e87c217ded307b36be024d4ff8869a812b241d1345/pillow-12.2.0-cp314-cp314-manylinux2014_aarch64.manylinux_2_17_aarch64.whl", hash = "sha256:22db17c68434de69d8ecfc2fe821569195c0c373b25cccb9cbdacf2c6e53c601", size = 6280384, upload-time = "2026-04-01T14:45:01.5Z" },
    { url = "https://files.pythonhosted.org/packages/5e/03/688747d2e91cfbe0e64f316cd2e8005698f76ada3130d0194664174fa5de/pillow-12.2.0-cp314-cp314-manylinux2014_x86_64.manylinux_2_17_x86_64.whl", hash = "sha256:7b14cc0106cd9aecda615dd6903840a058b4700fcb817687d0ee4fc8b6e389be", size = 8091599, upload-time = "2026-04-01T14:45:04.5Z" },
    { url = "https://files.pythonhosted.org/packages/f6/35/577e22b936fcdd66537329b33af0b4ccfefaeabd8aec04b266528cddb33c/pillow-12.2.0-cp314-cp314-manylinux_2_27_aarch64.manylinux_2_28_aarch64.whl", hash = "sha256:8cbeb542b2ebc6fcdacabf8aca8c1a97c9b3ad3927d46b8723f9d4f033288a0f", size = 6396021, upload-time = "2026-04-01T14:45:07.117Z" },
    { url = "https://files.pythonhosted.org/packages/11/8d/d2532ad2a603ca2b93ad9f5135732124e57811d0168155852f37fbce2458/pillow-12.2.0-cp314-cp314-manylinux_2_27_x86_64.manylinux_2_28_x86_64.whl", hash = "sha256:4bfd07bc812fbd20395212969e41931001fd59eb55a60658b0e5710872e95286", size = 7083360, upload-time = "2026-04-01T14:45:09.763Z" },
    { url = "https://files.pythonhosted.org/packages/5e/26/d325f9f56c7e039034897e7380e9cc202b1e368bfd04d4cbe6a441f02885/pillow-12.2.0-cp314-cp314-musllinux_1_2_aarch64.whl", hash = "sha256:9aba9a17b623ef750a4d11b742cbafffeb48a869821252b30ee21b5e91392c50", size = 6507628, upload-time = "2026-04-01T14:45:12.378Z" },
    { url = "https://files.pythonhosted.org/packages/5f/f7/769d5632ffb0988f1c5e7660b3e731e30f7f8ec4318e94d0a5d674eb65a4/pillow-12.2.0-cp314-cp314-musllinux_1_2_x86_64.whl", hash = "sha256:deede7c263feb25dba4e82ea23058a235dcc2fe1f6021025dc71f2b618e26104", size = 7209321, upload-time = "2026-04-01T14:45:15.122Z" },
    { url = "https://files.pythonhosted.org/packages/6a/7a/c253e3c645cd47f1aceea6a8bacdba9991bf45bb7dfe927f7c893e89c93c/pillow-12.2.0-cp314-cp314-win32.whl", hash = "sha256:632ff19b2778e43162304d50da0181ce24ac5bb8180122cbe1bf4673428328c7", size = 6479723, upload-time = "2026-04-01T14:45:17.797Z" },
    { url = "https://files.pythonhosted.org/packages/cd/8b/601e6566b957ca50e28725cb6c355c59c2c8609751efbecd980db44e0349/pillow-12.2.0-cp314-cp314-win_amd64.whl", hash = "sha256:4e6c62e9d237e9b65fac06857d511e90d8461a32adcc1b9065ea0c0fa3a28150", size = 7217400, upload-time = "2026-04-01T14:45:20.529Z" },
    { url = "https://files.pythonhosted.org/packages/d6/94/220e46c73065c3e2951bb91c11a1fb636c8c9ad427ac3ce7d7f3359b9b2f/pillow-12.2.0-cp314-cp314-win_arm64.whl", hash = "sha256:b1c1fbd8a5a1af3412a0810d060a78b5136ec0836c8a4ef9aa11807f2a22f4e1", size = 2554835, upload-time = "2026-04-01T14:45:23.162Z" },
    { url = "https://files.pythonhosted.org/packages/b6/ab/1b426a3974cb0e7da5c29ccff4807871d48110933a57207b5a676cccc155/pillow-12.2.0-cp314-cp314t-macosx_10_15_x86_64.whl", hash = "sha256:57850958fe9c751670e49b2cecf6294acc99e562531f4bd317fa5ddee2068463", size = 5314225, upload-time = "2026-04-01T14:45:25.637Z" },
    { url = "https://files.pythonhosted.org/packages/19/1e/dce46f371be2438eecfee2a1960ee2a243bbe5e961890146d2dee1ff0f12/pillow-12.2.0-cp314-cp314t-macosx_11_0_arm64.whl", hash = "sha256:d5d38f1411c0ed9f97bcb49b7bd59b6b7c314e0e27420e34d99d844b9ce3b6f3", size = 4698541, upload-time = "2026-04-01T14:45:28.355Z" },
    { url = "https://files.pythonhosted.org/packages/55/c3/7fbecf70adb3a0c33b77a300dc52e424dc22ad8cdc06557a2e49523b703d/pillow-12.2.0-cp314-cp314t-manylinux2014_aarch64.manylinux_2_17_aarch64.whl", hash = "sha256:5c0a9f29ca8e79f09de89293f82fc9b0270bb4af1d58bc98f540cc4aedf03166", size = 6322251, upload-time = "2026-04-01T14:45:30.924Z" },
    { url = "https://files.pythonhosted.org/packages/1c/3c/7fbc17cfb7e4fe0ef1642e0abc17fc6c94c9f7a16be41498e12e2ba60408/pillow-12.2.0-cp314-cp314t-manylinux2014_x86_64.manylinux_2_17_x86_64.whl", hash = "sha256:1610dd6c61621ae1cf811bef44d77e149ce3f7b95afe66a4512f8c59f25d9ebe", size = 8127807, upload-time = "2026-04-01T14:45:33.908Z" },
    { url = "https://files.pythonhosted.org/packages/ff/c3/a8ae14d6defd2e448493ff512fae903b1e9bd40b72efb6ec55ce0048c8ce/pillow-12.2.0-cp314-cp314t-manylinux_2_27_aarch64.manylinux_2_28_aarch64.whl", hash = "sha256:0a34329707af4f73cf1782a36cd2289c0368880654a2c11f027bcee9052d35dd", size = 6433935, upload-time = "2026-04-01T14:45:36.623Z" },
    { url = "https://files.pythonhosted.org/packages/6e/32/2880fb3a074847ac159d8f902cb43278a61e85f681661e7419e6596803ed/pillow-12.2.0-cp314-cp314t-manylinux_2_27_x86_64.manylinux_2_28_x86_64.whl", hash = "sha256:8e9c4f5b3c546fa3458a29ab22646c1c6c787ea8f5ef51300e5a60300736905e", size = 7116720, upload-time = "2026-04-01T14:45:39.258Z" },
    { url = "https://files.pythonhosted.org/packages/46/87/495cc9c30e0129501643f24d320076f4cc54f718341df18cc70ec94c44e1/pillow-12.2.0-cp314-cp314t-musllinux_1_2_aarch64.whl", hash = "sha256:fb043ee2f06b41473269765c2feae53fc2e2fbf96e5e22ca94fb5ad677856f06", size = 6540498, upload-time = "2026-04-01T14:45:41.879Z" },
    { url = "https://files.pythonhosted.org/packages/18/53/773f5edca692009d883a72211b60fdaf8871cbef075eaa9d577f0a2f989e/pillow-12.2.0-cp314-cp314t-musllinux_1_2_x86_64.whl", hash = "sha256:f278f034eb75b4e8a13a54a876cc4a5ab39173d2cdd93a638e1b467fc545ac43", size = 7239413, upload-time = "2026-04-01T14:45:44.705Z" },
    { url = "https://files.pythonhosted.org/packages/c9/e4/4b64a97d71b2a83158134abbb2f5bd3f8a2ea691361282f010998f339ec7/pillow-12.2.0-cp314-cp314t-win32.whl", hash = "sha256:6bb77b2dcb06b20f9f4b4a8454caa581cd4dd0643a08bacf821216a16d9c8354", size = 6482084, upload-time = "2026-04-01T14:45:47.568Z" },
    { url = "https://files.pythonhosted.org/packages/ba/13/306d275efd3a3453f72114b7431c877d10b1154014c1ebbedd067770d629/pillow-12.2.0-cp314-cp314t-win_amd64.whl", hash = "sha256:6562ace0d3fb5f20ed7290f1f929cae41b25ae29528f2af1722966a0a02e2aa1", size = 7225152, upload-time = "2026-04-01T14:45:50.032Z" },
    { url = "https://files.pythonhosted.org/packages/ff/6e/cf826fae916b8658848d7b9f38d88da6396895c676e8086fc0988073aaf8/pillow-12.2.0-cp314-cp314t-win_arm64.whl", hash = "sha256:aa88ccfe4e32d362816319ed727a004423aab09c5cea43c01a4b435643fa34eb", size = 2556579, upload-time = "2026-04-01T14:45:52.529Z" },
]

[[package]]
name = "pyobjc-core"
version = "12.1"
source = { registry = "https://pypi.org/simple" }
sdist = { url = "https://files.pythonhosted.org/packages/b8/b6/d5612eb40be4fd5ef88c259339e6313f46ba67577a95d86c3470b951fce0/pyobjc_core-12.1.tar.gz", hash = "sha256:2bb3903f5387f72422145e1466b3ac3f7f0ef2e9960afa9bcd8961c5cbf8bd21", size = 1000532, upload-time = "2025-11-14T10:08:28.292Z" }
wheels = [
    { url = "https://files.pythonhosted.org/packages/25/98/9f4ed07162de69603144ff480be35cd021808faa7f730d082b92f7ebf2b5/pyobjc_core-12.1-cp314-cp314-macosx_10_15_universal2.whl", hash = "sha256:844515f5d86395b979d02152576e7dee9cc679acc0b32dc626ef5bda315eaa43", size = 670164, upload-time = "2025-11-14T09:34:37.458Z" },
    { url = "https://files.pythonhosted.org/packages/62/50/dc076965c96c7f0de25c0a32b7f8aa98133ed244deaeeacfc758783f1f30/pyobjc_core-12.1-cp314-cp314t-macosx_10_15_universal2.whl", hash = "sha256:453b191df1a4b80e756445b935491b974714456ae2cbae816840bd96f86db882", size = 712204, upload-time = "2025-11-14T09:35:24.148Z" },
]

[[package]]
name = "pyobjc-framework-cocoa"
version = "12.1"
source = { registry = "https://pypi.org/simple" }
dependencies = [
    { name = "pyobjc-core" },
]
sdist = { url = "https://files.pythonhosted.org/packages/02/a3/16ca9a15e77c061a9250afbae2eae26f2e1579eb8ca9462ae2d2c71e1169/pyobjc_framework_cocoa-12.1.tar.gz", hash = "sha256:5556c87db95711b985d5efdaaf01c917ddd41d148b1e52a0c66b1a2e2c5c1640", size = 2772191, upload-time = "2025-11-14T10:13:02.069Z" }
wheels = [
    { url = "https://files.pythonhosted.org/packages/59/bb/f777cc9e775fc7dae77b569254570fe46eb842516b3e4fe383ab49eab598/pyobjc_framework_cocoa-12.1-cp314-cp314-macosx_10_15_universal2.whl", hash = "sha256:03342a60fc0015bcdf9b93ac0b4f457d3938e9ef761b28df9564c91a14f0129a", size = 384932, upload-time = "2025-11-14T09:42:29.771Z" },
    { url = "https://files.pythonhosted.org/packages/58/27/b457b7b37089cad692c8aada90119162dfb4c4a16f513b79a8b2b022b33b/pyobjc_framework_cocoa-12.1-cp314-cp314t-macosx_10_15_universal2.whl", hash = "sha256:6ba1dc1bfa4da42d04e93d2363491275fb2e2be5c20790e561c8a9e09b8cf2cc", size = 388970, upload-time = "2025-11-14T09:42:53.964Z" },
]

[[package]]
name = "pyobjc-framework-corebluetooth"
version = "12.1"
source = { registry = "https://pypi.org/simple" }
dependencies = [
    { name = "pyobjc-core" },
    { name = "pyobjc-framework-cocoa" },
]
sdist = { url = "https://files.pythonhosted.org/packages/4b/25/d21d6cb3fd249c2c2aa96ee54279f40876a0c93e7161b3304bf21cbd0bfe/pyobjc_framework_corebluetooth-12.1.tar.gz", hash = "sha256:8060c1466d90bbb9100741a1091bb79975d9ba43911c9841599879fc45c2bbe0", size = 33157, upload-time = "2025-11-14T10:13:28.064Z" }
wheels = [
    { url = "https://files.pythonhosted.org/packages/2f/41/90640a4db62f0bf0611cf8a161129c798242116e2a6a44995668b017b106/pyobjc_framework_corebluetooth-12.1-cp314-cp314-macosx_10_15_universal2.whl", hash = "sha256:15ba5207ca626dffe57ccb7c1beaf01f93930159564211cb97d744eaf0d812aa", size = 13222, upload-time = "2025-11-14T09:44:14.345Z" },
    { url = "https://files.pythonhosted.org/packages/86/99/8ed2f0ca02b9abe204966142bd8c4501cf6da94234cc320c4c0562c467e8/pyobjc_framework_corebluetooth-12.1-cp314-cp314t-macosx_10_15_universal2.whl", hash = "sha256:e5385195bd365a49ce70e2fb29953681eefbe68a7b15ecc2493981d2fb4a02b1", size = 13408, upload-time = "2025-11-14T09:44:16.558Z" },
]

[[package]]
name = "pyobjc-framework-libdispatch"
version = "12.1"
source = { registry = "https://pypi.org/simple" }
dependencies = [
    { name = "pyobjc-core" },
    { name = "pyobjc-framework-cocoa" },
]
sdist = { url = "https://files.pythonhosted.org/packages/26/e8/75b6b9b3c88b37723c237e5a7600384ea2d84874548671139db02e76652b/pyobjc_framework_libdispatch-12.1.tar.gz", hash = "sha256:4035535b4fae1b5e976f3e0e38b6e3442ffea1b8aa178d0ca89faa9b8ecdea41", size = 38277, upload-time = "2025-11-14T10:16:46.235Z" }
wheels = [
    { url = "https://files.pythonhosted.org/packages/59/d8/7d60a70fc1a546c6cb482fe0595cb4bd1368d75c48d49e76d0bc6c0a2d0f/pyobjc_framework_libdispatch-12.1-cp314-cp314-macosx_10_15_universal2.whl", hash = "sha256:0ebfd9e4446ab6528126bff25cfb09e4213ddf992b3208978911cfd3152e45f5", size = 15693, upload-time = "2025-11-14T09:53:05.531Z" },
    { url = "https://files.pythonhosted.org/packages/99/32/15e08a0c4bb536303e1568e2ba5cae1ce39a2e026a03aea46173af4c7a2d/pyobjc_framework_libdispatch-12.1-cp314-cp314t-macosx_10_15_universal2.whl", hash = "sha256:23fc9915cba328216b6a736c7a48438a16213f16dfb467f69506300b95938cc7", size = 15976, upload-time = "2025-11-14T09:53:07.936Z" },
]

[[package]]
name = "taskmemo"
version = "0.1.0"
source = { virtual = "." }
dependencies = [
    { name = "bleak" },
    { name = "pillow" },
]

[package.metadata]
requires-dist = [
    { name = "bleak", specifier = ">=3.0.1" },
    { name = "pillow", specifier = ">=12.2.0" },
]

[[package]]
name = "typing-extensions"
version = "4.15.0"
source = { registry = "https://pypi.org/simple" }
sdist = { url = "https://files.pythonhosted.org/packages/72/94/1a15dd82efb362ac84269196e94cf00f187f7ed21c242792a923cdb1c61f/typing_extensions-4.15.0.tar.gz", hash = "sha256:0cea48d173cc12fa28ecabc3b837ea3cf6f38c6d1136f85cbaaf598984861466", size = 109391, upload-time = "2025-08-25T13:49:26.313Z" }
wheels = [
    { url = "https://files.pythonhosted.org/packages/18/67/36e9267722cc04a6b9f15c7f3441c2363321a3ea07da7ae0c0707beb2a9c/typing_extensions-4.15.0-py3-none-any.whl", hash = "sha256:f0fa19c6845758ab08074a0cfa8b7aecb71c999ca73d62883bc25cc018c4e548", size = 44614, upload-time = "2025-08-25T13:49:24.86Z" },
]

[[package]]
name = "winrt-runtime"
version = "3.2.1"
source = { registry = "https://pypi.org/simple" }
dependencies = [
    { name = "typing-extensions" },
]
sdist = { url = "https://files.pythonhosted.org/packages/16/dd/acdd527c1d890c8f852cc2af644aa6c160974e66631289420aa871b05e65/winrt_runtime-3.2.1.tar.gz", hash = "sha256:c8dca19e12b234ae6c3dadf1a4d0761b51e708457492c13beb666556958801ea", size = 21721, upload-time = "2025-06-06T14:40:27.593Z" }
wheels = [
    { url = "https://files.pythonhosted.org/packages/c8/87/88bd98419a9da77a68e030593fee41702925a7ad8a8aec366945258cbb31/winrt_runtime-3.2.1-cp314-cp314-win32.whl", hash = "sha256:9b6298375468ac2f6815d0c008a059fc16508c8f587e824c7936ed9216480dad", size = 210257, upload-time = "2025-09-20T07:06:41.054Z" },
    { url = "https://files.pythonhosted.org/packages/87/85/e5c2a10d287edd9d3ee8dc24bf7d7f335636b92bf47119768b7dd2fd1669/winrt_runtime-3.2.1-cp314-cp314-win_amd64.whl", hash = "sha256:e36e587ab5fd681ee472cd9a5995743f75107a1a84d749c64f7e490bc86bc814", size = 241873, upload-time = "2025-09-20T07:06:42.059Z" },
    { url = "https://files.pythonhosted.org/packages/52/2a/eb9e78397132175f70dd51dfa4f93e489c17d6b313ae9dce60369b8d84a7/winrt_runtime-3.2.1-cp314-cp314-win_arm64.whl", hash = "sha256:35d6241a2ebd5598e4788e69768b8890ee1eee401a819865767a1fbdd3e9a650", size = 416222, upload-time = "2025-09-20T07:06:43.376Z" },
]

[[package]]
name = "winrt-windows-devices-bluetooth"
version = "3.2.1"
source = { registry = "https://pypi.org/simple" }
dependencies = [
    { name = "winrt-runtime" },
]
sdist = { url = "https://files.pythonhosted.org/packages/b2/a0/1c8a0c469abba7112265c6cb52f0090d08a67c103639aee71fc690e614b8/winrt_windows_devices_bluetooth-3.2.1.tar.gz", hash = "sha256:db496d2d92742006d5a052468fc355bf7bb49e795341d695c374746113d74505", size = 23732, upload-time = "2025-06-06T14:41:20.489Z" }
wheels = [
    { url = "https://files.pythonhosted.org/packages/b7/95/91cfdf941a1ba791708ab3477fc4e46793c8fe9117fc3e0a8c5ac5d7a09c/winrt_windows_devices_bluetooth-3.2.1-cp314-cp314-win32.whl", hash = "sha256:de36ded53ca3ba12fc6dd4deb14b779acc391447726543815df4800348aad63a", size = 109015, upload-time = "2025-09-20T07:09:51.067Z" },
    { url = "https://files.pythonhosted.org/packages/61/fa/7460655628d0f340a93524f5236bb9f8514eb0e1d334b38cba8a89f6c1a6/winrt_windows_devices_bluetooth-3.2.1-cp314-cp314-win_amd64.whl", hash = "sha256:3295d932cc93259d5ccb23a41e3a3af4c78ce5d6a6223b2b7638985f604fa34c", size = 115931, upload-time = "2025-09-20T07:09:51.922Z" },
    { url = "https://files.pythonhosted.org/packages/de/70/e1248dea2ab881eb76b61ff1ad6cb9c07ac005faf99349e4af0b29bc3f1b/winrt_windows_devices_bluetooth-3.2.1-cp314-cp314-win_arm64.whl", hash = "sha256:1f61c178766a1bbce0669f44790c6161ff4669404c477b4aedaa576348f9e102", size = 109561, upload-time = "2025-09-20T07:09:52.733Z" },
]

[[package]]
name = "winrt-windows-devices-bluetooth-advertisement"
version = "3.2.1"
source = { registry = "https://pypi.org/simple" }
dependencies = [
    { name = "winrt-runtime" },
]
sdist = { url = "https://files.pythonhosted.org/packages/06/fc/7ffe66ca4109b9e994b27c00f3d2d506e6e549e268791f755287ad9106d8/winrt_windows_devices_bluetooth_advertisement-3.2.1.tar.gz", hash = "sha256:0223852a7b7fa5c8dea3c6a93473bd783df4439b1ed938d9871f947933e574cc", size = 16906, upload-time = "2025-06-06T14:41:21.448Z" }
wheels = [
    { url = "https://files.pythonhosted.org/packages/27/3d/421d04a20037370baf13de929bc1dc5438b306a76fe17275ec5d893aae6c/winrt_windows_devices_bluetooth_advertisement-3.2.1-cp314-cp314-win32.whl", hash = "sha256:2985565c265b3f9eab625361b0e40e88c94b03d89f5171f36146f2e88b3ee214", size = 92264, upload-time = "2025-09-20T07:09:53.563Z" },
    { url = "https://files.pythonhosted.org/packages/07/c7/43601ab82fe42bcff430b8466d84d92b31be06cc45c7fd64e9aac40f7851/winrt_windows_devices_bluetooth_advertisement-3.2.1-cp314-cp314-win_amd64.whl", hash = "sha256:d102f3fac64fde32332e370969dfbc6f37b405d8cc055d9da30d14d07449a3c2", size = 97517, upload-time = "2025-09-20T07:09:54.411Z" },
    { url = "https://files.pythonhosted.org/packages/91/17/e3303f6a25a2d98e424b06580fc85bbfd068f383424c67fa47cb1b357a46/winrt_windows_devices_bluetooth_advertisement-3.2.1-cp314-cp314-win_arm64.whl", hash = "sha256:ffeb5e946cd42c32c6999a62e240d6730c653cdfb7b49c7839afba375e20a62a", size = 94122, upload-time = "2025-09-20T07:09:55.187Z" },
]

[[package]]
name = "winrt-windows-devices-bluetooth-genericattributeprofile"
version = "3.2.1"
source = { registry = "https://pypi.org/simple" }
dependencies = [
    { name = "winrt-runtime" },
]
sdist = { url = "https://files.pythonhosted.org/packages/44/21/aeeddc0eccdfbd25e543360b5cc093233e2eab3cdfb53ad3cabae1b5d04d/winrt_windows_devices_bluetooth_genericattributeprofile-3.2.1.tar.gz", hash = "sha256:cdf6ddc375e9150d040aca67f5a17c41ceaf13a63f3668f96608bc1d045dde71", size = 38896, upload-time = "2025-06-06T14:41:22.687Z" }
wheels = [
    { url = "https://files.pythonhosted.org/packages/b7/32/cb447ca7730a1e05730272309b074da6a04af29a8c0f5121014db8a2fc02/winrt_windows_devices_bluetooth_genericattributeprofile-3.2.1-cp314-cp314-win32.whl", hash = "sha256:d5f83739ca370f0baf52b0400aebd6240ab80150081fbfba60fd6e7b2e7b4c5f", size = 185249, upload-time = "2025-09-20T07:09:58.639Z" },
    { url = "https://files.pythonhosted.org/packages/bb/fa/f465d5d44dda166bf7ec64b7a950f57eca61f165bfe18345e9a5ea542def/winrt_windows_devices_bluetooth_genericattributeprofile-3.2.1-cp314-cp314-win_amd64.whl", hash = "sha256:13786a5853a933de140d456cd818696e1121c7c296ae7b7af262fc5d2cffb851", size = 193739, upload-time = "2025-09-20T07:09:59.893Z" },
    { url = "https://files.pythonhosted.org/packages/78/08/51c53ac3c704cd92da5ed7e7b9b57159052f6e46744e4f7e447ed708aa22/winrt_windows_devices_bluetooth_genericattributeprofile-3.2.1-cp314-cp314-win_arm64.whl", hash = "sha256:5140682da2860f6a55eb6faf9e980724dc457c2e4b4b35a10e1cebd8fc97d892", size = 194836, upload-time = "2025-09-20T07:10:00.87Z" },
]

[[package]]
name = "winrt-windows-devices-enumeration"
version = "3.2.1"
source = { registry = "https://pypi.org/simple" }
dependencies = [
    { name = "winrt-runtime" },
]
sdist = { url = "https://files.pythonhosted.org/packages/9e/dd/75835bfbd063dffa152109727dedbd80f6e92ea284855f7855d48cdf31c9/winrt_windows_devices_enumeration-3.2.1.tar.gz", hash = "sha256:df316899e39bfc0ffc1f3cb0f5ee54d04e1d167fbbcc1484d2d5121449a935cf", size = 23538, upload-time = "2025-06-06T14:41:26.787Z" }
wheels = [
    { url = "https://files.pythonhosted.org/packages/41/31/5785cd1ec54dc0f0e6f3e6a466d07a62b8014a6e2b782e80444ef87e83ab/winrt_windows_devices_enumeration-3.2.1-cp314-cp314-win32.whl", hash = "sha256:e087364273ed7c717cd0191fed4be9def6fdf229fe9b536a4b8d0228f7814106", size = 134252, upload-time = "2025-09-20T07:10:12.935Z" },
    { url = "https://files.pythonhosted.org/packages/cb/f6/68d91068048410f49794c0b19c45759c63ca559607068cfe5affba2f211b/winrt_windows_devices_enumeration-3.2.1-cp314-cp314-win_amd64.whl", hash = "sha256:0da1ddb8285d97a6775c36265d7157acf1bbcb88bcc9a7ce9a4549906c822472", size = 145509, upload-time = "2025-09-20T07:10:13.797Z" },
    { url = "https://files.pythonhosted.org/packages/5c/a4/898951d5bfc474aa9c7d133fe30870f0f2184f4ba3027eafb779d30eb7bc/winrt_windows_devices_enumeration-3.2.1-cp314-cp314-win_arm64.whl", hash = "sha256:09bf07e74e897e97a49a9275d0a647819254ddb74142806bbbcf4777ed240a22", size = 141334, upload-time = "2025-09-20T07:10:14.637Z" },
]

[[package]]
name = "winrt-windows-devices-radios"
version = "3.2.1"
source = { registry = "https://pypi.org/simple" }
dependencies = [
    { name = "winrt-runtime" },
]
sdist = { url = "https://files.pythonhosted.org/packages/5e/02/9704ea359ad8b0d6faa1011f98fb477e8fb6eac5201f39d19e73c2407e7b/winrt_windows_devices_radios-3.2.1.tar.gz", hash = "sha256:4dc9b9d1501846049eb79428d64ec698d6476c27a357999b78a8331072e18a0b", size = 5908, upload-time = "2025-06-06T14:41:44.868Z" }
wheels = [
    { url = "https://files.pythonhosted.org/packages/76/79/4627afae6b389ddd1e5f1d691663c6b14d6c8f98959082aed1217cc57ef9/winrt_windows_devices_radios-3.2.1-cp314-cp314-win32.whl", hash = "sha256:21452e1cae50e44cd1d5e78159e1b9986ac3389b66458ad89caa196ce5eca2d6", size = 39521, upload-time = "2025-09-20T07:11:17.992Z" },
    { url = "https://files.pythonhosted.org/packages/a7/7c/c6aea91908ee7279ed51d12157bc8aeecb8850af2441073c3c91b261ad31/winrt_windows_devices_radios-3.2.1-cp314-cp314-win_amd64.whl", hash = "sha256:6a8413e586fe597c6849607885cca7e0549da33ae5699165d11f7911534c6eaf", size = 41121, upload-time = "2025-09-20T07:11:18.747Z" },
    { url = "https://files.pythonhosted.org/packages/86/c5/652f14e3c501452ad8e0723518d9bbd729219b47f4a4dbe2966c2f82dca8/winrt_windows_devices_radios-3.2.1-cp314-cp314-win_arm64.whl", hash = "sha256:39129fd9d09103adb003575f59881c1a5a70a43310547850150b46c6f4020312", size = 38114, upload-time = "2025-09-20T07:11:19.599Z" },
]

[[package]]
name = "winrt-windows-foundation"
version = "3.2.1"
source = { registry = "https://pypi.org/simple" }
dependencies = [
    { name = "winrt-runtime" },
]
sdist = { url = "https://files.pythonhosted.org/packages/0c/55/098ce7ea0679efcc1298b269c48768f010b6c68f90c588f654ec874c8a74/winrt_windows_foundation-3.2.1.tar.gz", hash = "sha256:ad2f1fcaa6c34672df45527d7c533731fdf65b67c4638c2b4aca949f6eec0656", size = 30485, upload-time = "2025-06-06T14:41:53.344Z" }
wheels = [
    { url = "https://files.pythonhosted.org/packages/e3/0a/d77346e39fe0c81f718cde49f83fe77c368c0e14c6418f72dfa1e7ef22d0/winrt_windows_foundation-3.2.1-cp314-cp314-win32.whl", hash = "sha256:35e973ab3c77c2a943e139302256c040e017fd6ff1a75911c102964603bba1da", size = 114590, upload-time = "2025-09-20T07:11:49.97Z" },
    { url = "https://files.pythonhosted.org/packages/a1/56/4d2b545bea0f34f68df6d4d4ca22950ff8a935497811dccdc0ca58737a05/winrt_windows_foundation-3.2.1-cp314-cp314-win_amd64.whl", hash = "sha256:a22a7ebcec0d262e60119cff728f32962a02df60471ded8b2735a655eccc0ef5", size = 122148, upload-time = "2025-09-20T07:11:50.826Z" },
    { url = "https://files.pythonhosted.org/packages/ed/ed/b9d3a11cac73444c0a3703200161cd7267dab5ab85fd00e1f965526e74a8/winrt_windows_foundation-3.2.1-cp314-cp314-win_arm64.whl", hash = "sha256:3be7fbae829b98a6a946db4fbaf356b11db1fbcbb5d4f37e7a73ac6b25de8b87", size = 114360, upload-time = "2025-09-20T07:11:51.626Z" },
]

[[package]]
name = "winrt-windows-foundation-collections"
version = "3.2.1"
source = { registry = "https://pypi.org/simple" }
dependencies = [
    { name = "winrt-runtime" },
]
sdist = { url = "https://files.pythonhosted.org/packages/ef/62/d21e3f1eeb8d47077887bbf0c3882c49277a84d8f98f7c12bda64d498a07/winrt_windows_foundation_collections-3.2.1.tar.gz", hash = "sha256:0eff1ad0d8d763ad17e9e7bbd0c26a62b27215016393c05b09b046d6503ae6d5", size = 16043, upload-time = "2025-06-06T14:41:53.983Z" }
wheels = [
    { url = "https://files.pythonhosted.org/packages/e1/47/b3301d964422d4611c181348149a7c5956a2a76e6339de451a000d4ae8e7/winrt_windows_foundation_collections-3.2.1-cp314-cp314-win32.whl", hash = "sha256:33188ed2d63e844c8adfbb82d1d3d461d64aaf78d225ce9c5930421b413c45ab", size = 62211, upload-time = "2025-09-20T07:11:52.411Z" },
    { url = "https://files.pythonhosted.org/packages/20/59/5f2c940ff606297129e93ebd6030c813e6a43a786de7fc33ccb268e0b06b/winrt_windows_foundation_collections-3.2.1-cp314-cp314-win_amd64.whl", hash = "sha256:d4cfece7e9c0ead2941e55a1da82f20d2b9c8003bb7a8853bb7f999b539f80a4", size = 70399, upload-time = "2025-09-20T07:11:53.254Z" },
    { url = "https://files.pythonhosted.org/packages/f8/2d/2c8eb89062c71d4be73d618457ed68e7e2ba29a660ac26349d44fc121cbf/winrt_windows_foundation_collections-3.2.1-cp314-cp314-win_arm64.whl", hash = "sha256:3884146fea13727510458f6a14040b7632d5d90127028b9bfd503c6c655d0c01", size = 61392, upload-time = "2025-09-20T07:11:53.993Z" },
]

[[package]]
name = "winrt-windows-storage-streams"
version = "3.2.1"
source = { registry = "https://pypi.org/simple" }
dependencies = [
    { name = "winrt-runtime" },
]
sdist = { url = "https://files.pythonhosted.org/packages/00/50/f4488b07281566e3850fcae1021f0285c9653992f60a915e15567047db63/winrt_windows_storage_streams-3.2.1.tar.gz", hash = "sha256:476f522722751eb0b571bc7802d85a82a3cae8b1cce66061e6e758f525e7b80f", size = 34335, upload-time = "2025-06-06T14:43:23.905Z" }
wheels = [
    { url = "https://files.pythonhosted.org/packages/55/70/2869ea2112c565caace73c9301afd1d7afcc49bdd37fac058f0178ba95d4/winrt_windows_storage_streams-3.2.1-cp314-cp314-win32.whl", hash = "sha256:5cd0dbad86fcc860366f6515fce97177b7eaa7069da261057be4813819ba37ee", size = 131701, upload-time = "2025-09-20T07:17:16.849Z" },
    { url = "https://files.pythonhosted.org/packages/f4/3d/aae50b1d0e37b5a61055759aedd42c6c99d7c17ab8c3e568ab33c0288938/winrt_windows_storage_streams-3.2.1-cp314-cp314-win_amd64.whl", hash = "sha256:3c5bf41d725369b9986e6d64bad7079372b95c329897d684f955d7028c7f27a0", size = 135566, upload-time = "2025-09-20T07:17:17.69Z" },
    { url = "https://files.pythonhosted.org/packages/bb/c3/6d3ce7a58e6c828e0795c9db8790d0593dd7fdf296e513c999150deb98d4/winrt_windows_storage_streams-3.2.1-cp314-cp314-win_arm64.whl", hash = "sha256:293e09825559d0929bbe5de01e1e115f7a6283d8996ab55652e5af365f032987", size = 134393, upload-time = "2025-09-20T07:17:18.802Z" },
]
